
Microsoft Visual Studio Solution File, Format Version 12.00
# Visual Studio 14
VisualStudioVersion = 14.0.25420.1
MinimumVisualStudioVersion = 10.0.40219.1
Project("{FAE04EC0-301F-11D3-BF4B-00C04F79EFBC}") = "DigitalOceanDroplet", "DigitalOceanDroplet\DigitalOceanDroplet.csproj", "{9EA7E349-B195-44BA-87C7-23DBF7C724F6}"
EndProject
Project("{FAE04EC0-301F-11D3-BF4B-00C04F79EFBC}") = "DigitalOceanDropletTests", "DigitalOceanDropletTests\DigitalOceanDropletTests.csproj", "{327CE874-CF4B-45AE-A4F9-8364DAE41A13}"
EndProject
Global
	GlobalSection(SolutionConfigurationPlatforms) = preSolution
		Debug|Any CPU = Debug|Any CPU
		Release|Any CPU = Release|Any CPU
	EndGlobalSection
	GlobalSection(ProjectConfigurationPlatforms) = postSolution
		{9EA7E349-B195-44BA-87C7-23DBF7C724F6}.Debug|Any CPU.ActiveCfg = Debug|Any CPU
		{9EA7E349-B195-44BA-87C7-23DBF7C724F6}.Debug|Any CPU.Build.0 = Debug|Any CPU
		{9EA7E349-B195-44BA-87C7-23DBF7C724F6}.Release|Any CPU.ActiveCfg = Release|Any CPU
		{9EA7E349-B195-44BA-87C7-23DBF7C724F6}.Release|Any CPU.Build.0 = Release|Any CPU
		{327CE874-CF4B-45AE-A4F9-8364DAE41A13}.Debug|Any CPU.ActiveCfg = Debug|Any CPU
		{327CE874-CF4B-45AE-A4F9-8364DAE41A13}.Debug|Any CPU.Build.0 = Debug|Any CPU
		{327CE874-CF4B-45AE-A4F9-8364DAE41A13}.Release|Any CPU.ActiveCfg = Release|Any CPU
		{327CE874-CF4B-45AE-A4F9-8364DAE41A13}.Release|Any CPU.Build.0 = Release|Any CPU
	EndGlobalSection
	GlobalSection(SolutionProperties) = preSolution
		HideSolutionNode = FALSE
	EndGlobalSection
EndGlobal
